schema: '2.0'
stages:
  generate_data:
    cmd: uv run python src/sportsinjuryner/train/01_convert_csv_to_ner_data.py
    deps:
    - path: src/data/injuries_espn.csv
      hash: md5
      md5: 950d83e6edc284e0fd7d3671e223527a
      size: 65365
    - path: src/sportsinjuryner/train/01_convert_csv_to_ner_data.py
      hash: md5
      md5: bb2810c154ae099cd55b1f90553f0862
      size: 7852
    outs:
    - path: src/data/dev.jsonl
      hash: md5
      md5: f66ab3dde5f30172f14950eb122c837e
      size: 17245
    - path: src/data/train.jsonl
      hash: md5
      md5: 03eb0418e7e464208b683eb788a643ea
      size: 181808
  train_model:
    cmd: uv run python src/sportsinjuryner/train/03_train_injury_ner.py
    deps:
    - path: src/data/gold_standard.jsonl
      hash: md5
      md5: aad9edd780735e538ab0c5a6d26d8f53
      size: 26641
    - path: src/data/train.jsonl
      hash: md5
      md5: 03eb0418e7e464208b683eb788a643ea
      size: 181808
    - path: src/sportsinjuryner/train/03_train_injury_ner.py
      hash: md5
      md5: 29729ee3ded91e60c9b3b35345449ac2
      size: 12405
    outs:
    - path: sports-injury-ner-model
      hash: md5
      md5: 42ebd3bea339c367286f9f63e8fea662.dir
      size: 2609141773
      nfiles: 29
  load_data:
    cmd: uv run python src/sportsinjuryner/train/00_load_injuries_data.py
    deps:
    - path: src/sportsinjuryner/train/00_load_injuries_data.py
      hash: md5
      md5: 559eb9bf432f65c53d3bc6181cf24820
      size: 983
    outs:
    - path: src/data/injuries_espn.csv
      hash: md5
      md5: 950d83e6edc284e0fd7d3671e223527a
      size: 65365
    - path: src/data/injuries_nfl.csv
      hash: md5
      md5: de3ea0a254ea6cb62d56f1dc859c14ae
      size: 15094
  validate_data:
    cmd: uv run python src/sportsinjuryner/train/02_validate_ner_data.py
    deps:
    - path: src/data/dev.jsonl
      hash: md5
      md5: f66ab3dde5f30172f14950eb122c837e
      size: 17245
    - path: src/sportsinjuryner/train/02_validate_ner_data.py
      hash: md5
      md5: add738fdafbb28e24aec45a5c9e050b4
      size: 7228
    outs:
    - path: src/data/gold_standard.jsonl
      hash: md5
      md5: aad9edd780735e538ab0c5a6d26d8f53
      size: 26641
